{
  "nodes": {
    "nixpkgs": {
      "locked": {
        "lastModified": 1733386985,
        "narHash": "sha256-Oy58hvm+bwS7Mzvk1ZKfgdrTTSXG73wSvB2oLXGDuXI=",
        "owner": "NixOS",
        "repo": "nixpkgs",
        "rev": "902c823aa294df9dc3b56570d855b020ca29bc84",
        "type": "github"
      },
      "original": {
        "owner": "NixOS",
        "repo": "nixpkgs",
        "type": "github"
      }
    },
    "root": {
      "inputs": {
        "nixpkgs": "nixpkgs"
      }
    }
  },
  "root": "root",
  "version": 7
}
